
Microsoft Visual Studio Solution File, Format Version 12.00
# Visual Studio Version 17
VisualStudioVersion = 17.10.34928.147
MinimumVisualStudioVersion = 10.0.40219.1
Project("{8BC9CEB8-8B4A-11D0-8D11-00A0C91BC942}") = "Plants VS Zombies", "Plants VS Zombies.vcxproj", "{C855B021-9E80-40CB-AA03-94D8931E6C7E}"
EndProject
Global
	GlobalSection(SolutionConfigurationPlatforms) = preSolution
		Debug|x64 = Debug|x64
		Debug|x86 = Debug|x86
		Release|x64 = Release|x64
		Release|x86 = Release|x86
	EndGlobalSection
	GlobalSection(ProjectConfigurationPlatforms) = postSolution
		{C855B021-9E80-40CB-AA03-94D8931E6C7E}.Debug|x64.ActiveCfg = Debug|x64
		{C855B021-9E80-40CB-AA03-94D8931E6C7E}.Debug|x64.Build.0 = Debug|x64
		{C855B021-9E80-40CB-AA03-94D8931E6C7E}.Debug|x86.ActiveCfg = Debug|Win32
		{C855B021-9E80-40CB-AA03-94D8931E6C7E}.Debug|x86.Build.0 = Debug|Win32
		{C855B021-9E80-40CB-AA03-94D8931E6C7E}.Release|x64.ActiveCfg = Release|x64
		{C855B021-9E80-40CB-AA03-94D8931E6C7E}.Release|x64.Build.0 = Release|x64
		{C855B021-9E80-40CB-AA03-94D8931E6C7E}.Release|x86.ActiveCfg = Release|Win32
		{C855B021-9E80-40CB-AA03-94D8931E6C7E}.Release|x86.Build.0 = Release|Win32
	EndGlobalSection
	GlobalSection(SolutionProperties) = preSolution
		HideSolutionNode = FALSE
	EndGlobalSection
	GlobalSection(ExtensibilityGlobals) = postSolution
		SolutionGuid = {1BC08947-A033-4F28-8A87-00AF92527A9D}
	EndGlobalSection
EndGlobal
